// !$*UTF8*$!
{
	archiveVersion = 1;
	classes = {
	};
	objectVersion = 55;
	objects = {

/* Begin PBXBuildFile section */
		EB05618B2800A7250043E488 /* Pocasie.swift in Sources */ = {isa = PBXBuildFile; fileRef = EB05618A2800A7250043E488 /* Pocasie.swift */; };
		EB5C984C27FDCBBE006D98BC /* PocasieApp.swift in Sources */ = {isa = PBXBuildFile; fileRef = EB5C984B27FDCBBE006D98BC /* PocasieApp.swift */; };
		EB5C984E27FDCBBE006D98BC /* ContentView.swift in Sources */ = {isa = PBXBuildFile; fileRef = EB5C984D27FDCBBE006D98BC /* ContentView.swift */; };
		EB5C985027FDCBC2006D98BC /* Assets.xcassets in Resources */ = {isa = PBXBuildFile; fileRef = EB5C984F27FDCBC2006D98BC /* Assets.xcassets */; };
		EB5C985327FDCBC2006D98BC /* Preview Assets.xcassets in Resources */ = {isa = PBXBuildFile; fileRef = EB5C985227FDCBC2006D98BC /* Preview Assets.xcassets */; };
		EB5C985A27FDCDA6006D98BC /* Location.swift in Sources */ = {isa = PBXBuildFile; fileRef = EB5C985927FDCDA6006D98BC /* Location.swift */; };
		EB5C985C27FDF42E006D98BC /* DetailView.swift in Sources */ = {isa = PBXBuildFile; fileRef = EB5C985B27FDF42E006D98BC /* DetailView.swift */; };
		EB6BA51628013DAD00A31292 /* APIKey.swift in Sources */ = {isa = PBXBuildFile; fileRef = EB6BA51528013DAD00A31292 /* APIKey.swift */; };
/* End PBXBuildFile section */

/* Begin PBXFileReference section */
		EB05618A2800A7250043E488 /* Pocasie.swift */ = {isa = PBXFileReference; lastKnownFileType = sourcecode.swift; path = Pocasie.swift; sourceTree = "<group>"; };
		EB5C984827FDCBBE006D98BC /* Pocasie.app */ = {isa = PBXFileReference; explicitFileType = wrapper.application; includeInIndex = 0; path = Pocasie.app; sourceTree = BUILT_PRODUCTS_DIR; };
		EB5C984B27FDCBBE006D98BC /* PocasieApp.swift */ = {isa = PBXFileReference; lastKnownFileType = sourcecode.swift; path = PocasieApp.swift; sourceTree = "<group>"; };
		EB5C984D27FDCBBE006D98BC /* ContentView.swift */ = {isa = PBXFileReference; lastKnownFileType = sourcecode.swift; path = ContentView.swift; sourceTree = "<group>"; };
		EB5C984F27FDCBC2006D98BC /* Assets.xcassets */ = {isa = PBXFileReference; lastKnownFileType = folder.assetcatalog; path = Assets.xcassets; sourceTree = "<group>"; };
		EB5C985227FDCBC2006D98BC /* Preview Assets.xcassets */ = {isa = PBXFileReference; lastKnownFileType = folder.assetcatalog; path = "Preview Assets.xcassets"; sourceTree = "<group>"; };
		EB5C985927FDCDA6006D98BC /* Location.swift */ = {isa = PBXFileReference; lastKnownFileType = sourcecode.swift; path = Location.swift; sourceTree = "<group>"; };
		EB5C985B27FDF42E006D98BC /* DetailView.swift */ = {isa = PBXFileReference; lastKnownFileType = sourcecode.swift; path = DetailView.swift; sourceTree = "<group>"; };
		EB6BA51528013DAD00A31292 /* APIKey.swift */ = {isa = PBXFileReference; lastKnownFileType = sourcecode.swift; path = APIKey.swift; sourceTree = "<group>"; };
/* End PBXFileReference section */

/* Begin PBXFrameworksBuildPhase section */
		EB5C984527FDCBBE006D98BC /* Frameworks */ = {
			isa = PBXFrameworksBuildPhase;
			buildActionMask = 2147483647;
			files = (
			);
			runOnlyForDeploymentPostprocessing = 0;
		};
/* End PBXFrameworksBuildPhase section */

/* Begin PBXGroup section */
		EB5C983F27FDCBBE006D98BC = {
			isa = PBXGroup;
			children = (
				EB5C984A27FDCBBE006D98BC /* Pocasie */,
				EB5C984927FDCBBE006D98BC /* Products */,
			);
			sourceTree = "<group>";
		};
		EB5C984927FDCBBE006D98BC /* Products */ = {
			isa = PBXGroup;
			children = (
				EB5C984827FDCBBE006D98BC /* Pocasie.app */,
			);
			name = Products;
			sourceTree = "<group>";
		};
		EB5C984A27FDCBBE006D98BC /* Pocasie */ = {
			isa = PBXGroup;
			children = (
				EB6BA51528013DAD00A31292 /* APIKey.swift */,
				EB5C984B27FDCBBE006D98BC /* PocasieApp.swift */,
				EB5C984D27FDCBBE006D98BC /* ContentView.swift */,
				EB05618A2800A7250043E488 /* Pocasie.swift */,
				EB5C985B27FDF42E006D98BC /* DetailView.swift */,
				EB5C985927FDCDA6006D98BC /* Location.swift */,
				EB5C984F27FDCBC2006D98BC /* Assets.xcassets */,
				EB5C985127FDCBC2006D98BC /* Preview Content */,
			);
			path = Pocasie;
			sourceTree = "<group>";
		};
		EB5C985127FDCBC2006D98BC /* Preview Content */ = {
			isa = PBXGroup;
			children = (
				EB5C985227FDCBC2006D98BC /* Preview Assets.xcassets */,
			);
			path = "Preview Content";
			sourceTree = "<group>";
		};
/* End PBXGroup section */

/* Begin PBXNativeTarget section */
		EB5C984727FDCBBE006D98BC /* Pocasie */ = {
			isa = PBXNativeTarget;
			buildConfigurationList = EB5C985627FDCBC2006D98BC /* Build configuration list for PBXNativeTarget "Pocasie" */;
			buildPhases = (
				EB5C984427FDCBBE006D98BC /* Sources */,
				EB5C984527FDCBBE006D98BC /* Frameworks */,
				EB5C984627FDCBBE006D98BC /* Resources */,
			);
			buildRules = (
			);
			dependencies = (
			);
			name = Pocasie;
			productName = Pocasie;
			productReference = EB5C984827FDCBBE006D98BC /* Pocasie.app */;
			productType = "com.apple.product-type.application";
		};
/* End PBXNativeTarget section */

/* Begin PBXProject section */
		EB5C984027FDCBBE006D98BC /* Project object */ = {
			isa = PBXProject;
			attributes = {
				BuildIndependentTargetsInParallel = 1;
				LastSwiftUpdateCheck = 1330;
				LastUpgradeCheck = 1330;
				TargetAttributes = {
					EB5C984727FDCBBE006D98BC = {
						CreatedOnToolsVersion = 13.3;
					};
				};
			};
			buildConfigurationList = EB5C984327FDCBBE006D98BC /* Build configuration list for PBXProject "Pocasie" */;
			compatibilityVersion = "Xcode 13.0";
			developmentRegion = en;
			hasScannedForEncodings = 0;
			knownRegions = (
				en,
				Base,
			);
			mainGroup = EB5C983F27FDCBBE006D98BC;
			productRefGroup = EB5C984927FDCBBE006D98BC /* Products */;
			projectDirPath = "";
			projectRoot = "";
			targets = (
				EB5C984727FDCBBE006D98BC /* Pocasie */,
			);
		};
/* End PBXProject section */

/* Begin PBXResourcesBuildPhase section */
		EB5C984627FDCBBE006D98BC /* Resources */ = {
			isa = PBXResourcesBuildPhase;
			buildActionMask = 2147483647;
			files = (
				EB5C985327FDCBC2006D98BC /* Preview Assets.xcassets in Resources */,
				EB5C985027FDCBC2006D98BC /* Assets.xcassets in Resources */,
			);
			runOnlyForDeploymentPostprocessing = 0;
		};
/* End PBXResourcesBuildPhase section */

/* Begin PBXSourcesBuildPhase section */
		EB5C984427FDCBBE006D98BC /* Sources */ = {
			isa = PBXSourcesBuildPhase;
			buildActionMask = 2147483647;
			files = (
				EB5C984E27FDCBBE006D98BC /* ContentView.swift in Sources */,
				EB05618B2800A7250043E488 /* Pocasie.swift in Sources */,
				EB5C985C27FDF42E006D98BC /* DetailView.swift in Sources */,
				EB5C985A27FDCDA6006D98BC /* Location.swift in Sources */,
				EB6BA51628013DAD00A31292 /* APIKey.swift in Sources */,
				EB5C984C27FDCBBE006D98BC /* PocasieApp.swift in Sources */,
			);
			runOnlyForDeploymentPostprocessing = 0;
		};
/* End PBXSourcesBuildPhase section */

/* Begin XCBuildConfiguration section */
		EB5C985427FDCBC2006D98BC /* Debug */ = {
			isa = XCBuildConfiguration;
			buildSettings = {
				ALWAYS_SEARCH_USER_PATHS = NO;
				CLANG_ANALYZER_NONNULL = YES;
				CLANG_ANALYZER_NUMBER_OBJECT_CONVERSION = YES_AGGRESSIVE;
				CLANG_CXX_LANGUAGE_STANDARD = "gnu++17";
				CLANG_ENABLE_MODULES = YES;
				CLANG_ENABLE_OBJC_ARC = YES;
				CLANG_ENABLE_OBJC_WEAK = YES;
				CLANG_WARN_BLOCK_CAPTURE_AUTORELEASING = YES;
				CLANG_WARN_BOOL_CONVERSION = YES;
				CLANG_WARN_COMMA = YES;
				CLANG_WARN_CONSTANT_CONVERSION = YES;
				CLANG_WARN_DEPRECATED_OBJC_IMPLEMENTATIONS = YES;
				CLANG_WARN_DIRECT_OBJC_ISA_USAGE = YES_ERROR;
				CLANG_WARN_DOCUMENTATION_COMMENTS = YES;
				CLANG_WARN_EMPTY_BODY = YES;
				CLANG_WARN_ENUM_CONVERSION = YES;
				CLANG_WARN_INFINITE_RECURSION = YES;
				CLANG_WARN_INT_CONVERSION = YES;
				CLANG_WARN_NON_LITERAL_NULL_CONVERSION = YES;
				CLANG_WARN_OBJC_IMPLICIT_RETAIN_SELF = YES;
				CLANG_WARN_OBJC_LITERAL_CONVERSION = YES;
				CLANG_WARN_OBJC_ROOT_CLASS = YES_ERROR;
				CLANG_WARN_QUOTED_INCLUDE_IN_FRAMEWORK_HEADER = YES;
				CLANG_WARN_RANGE_LOOP_ANALYSIS = YES;
				CLANG_WARN_STRICT_PROTOTYPES = YES;
				CLANG_WARN_SUSPICIOUS_MOVE = YES;
				CLANG_WARN_UNGUARDED_AVAILABILITY = YES_AGGRESSIVE;
				CLANG_WARN_UNREACHABLE_CODE = YES;
				CLANG_WARN__DUPLICATE_METHOD_MATCH = YES;
				COPY_PHASE_STRIP = NO;
				DEBUG_INFORMATION_FORMAT = dwarf;
				ENABLE_STRICT_OBJC_MSGSEND = YES;
				ENABLE_TESTABILITY = YES;
				GCC_C_LANGUAGE_STANDARD = gnu11;
				GCC_DYNAMIC_NO_PIC = NO;
				GCC_NO_COMMON_BLOCKS = YES;
				GCC_OPTIMIZATION_LEVEL = 0;
				GCC_PREPROCESSOR_DEFINITIONS = (
					"DEBUG=1",
					"$(inherited)",
				);
				GCC_WARN_64_TO_32_BIT_CONVERSION = YES;
				GCC_WARN_ABOUT_RETURN_TYPE = YES_ERROR;
				GCC_WARN_UNDECLARED_SELECTOR = YES;
				GCC_WARN_UNINITIALIZED_AUTOS = YES_AGGRESSIVE;
				GCC_WARN_UNUSED_FUNCTION = YES;
				GCC_WARN_UNUSED_VARIABLE = YES;
				IPHONEOS_DEPLOYMENT_TARGET = 15.4;
				MTL_ENABLE_DEBUG_INFO = INCLUDE_SOURCE;
				MTL_FAST_MATH = YES;
				ONLY_ACTIVE_ARCH = YES;
				SDKROOT = iphoneos;
				SWIFT_ACTIVE_COMPILATION_CONDITIONS = DEBUG;
				SWIFT_OPTIMIZATION_LEVEL = "-Onone";
			};
			name = Debug;
		};
		EB5C985527FDCBC2006D98BC /* Release */ = {
			isa = XCBuildConfiguration;
			buildSettings = {
				ALWAYS_SEARCH_USER_PATHS = NO;
				CLANG_ANALYZER_NONNULL = YES;
				CLANG_ANALYZER_NUMBER_OBJECT_CONVERSION = YES_AGGRESSIVE;
				CLANG_CXX_LANGUAGE_STANDARD = "gnu++17";
				CLANG_ENABLE_MODULES = YES;
				CLANG_ENABLE_OBJC_ARC = YES;
				CLANG_ENABLE_OBJC_WEAK = YES;
				CLANG_WARN_BLOCK_CAPTURE_AUTORELEASING = YES;
				CLANG_WARN_BOOL_CONVERSION = YES;
				CLANG_WARN_COMMA = YES;
				CLANG_WARN_CONSTANT_CONVERSION = YES;
				CLANG_WARN_DEPRECATED_OBJC_IMPLEMENTATIONS = YES;
				CLANG_WARN_DIRECT_OBJC_ISA_USAGE = YES_ERROR;
				CLANG_WARN_DOCUMENTATION_COMMENTS = YES;
				CLANG_WARN_EMPTY_BODY = YES;
				CLANG_WARN_ENUM_CONVERSION = YES;
				CLANG_WARN_INFINITE_RECURSION = YES;
				CLANG_WARN_INT_CONVERSION = YES;
				CLANG_WARN_NON_LITERAL_NULL_CONVERSION = YES;
				CLANG_WARN_OBJC_IMPLICIT_RETAIN_SELF = YES;
				CLANG_WARN_OBJC_LITERAL_CONVERSION = YES;
				CLANG_WARN_OBJC_ROOT_CLASS = YES_ERROR;
				CLANG_WARN_QUOTED_INCLUDE_IN_FRAMEWORK_HEADER = YES;
				CLANG_WARN_RANGE_LOOP_ANALYSIS = YES;
				CLANG_WARN_STRICT_PROTOTYPES = YES;
				CLANG_WARN_SUSPICIOUS_MOVE = YES;
				CLANG_WARN_UNGUARDED_AVAILABILITY = YES_AGGRESSIVE;
				CLANG_WARN_UNREACHABLE_CODE = YES;
				CLANG_WARN__DUPLICATE_METHOD_MATCH = YES;
				COPY_PHASE_STRIP = NO;
				DEBUG_INFORMATION_FORMAT = "dwarf-with-dsym";
				ENABLE_NS_ASSERTIONS = NO;
				ENABLE_STRICT_OBJC_MSGSEND = YES;
				GCC_C_LANGUAGE_STANDARD = gnu11;
				GCC_NO_COMMON_BLOCKS = YES;
				GCC_WARN_64_TO_32_BIT_CONVERSION = YES;
				GCC_WARN_ABOUT_RETURN_TYPE = YES_ERROR;
				GCC_WARN_UNDECLARED_SELECTOR = YES;
				GCC_WARN_UNINITIALIZED_AUTOS = YES_AGGRESSIVE;
				GCC_WARN_UNUSED_FUNCTION = YES;
				GCC_WARN_UNUSED_VARIABLE = YES;
				IPHONEOS_DEPLOYMENT_TARGET = 15.4;
				MTL_ENABLE_DEBUG_INFO = NO;
				MTL_FAST_MATH = YES;
				SDKROOT = iphoneos;
				SWIFT_COMPILATION_MODE = wholemodule;
				SWIFT_OPTIMIZATION_LEVEL = "-O";
				VALIDATE_PRODUCT = YES;
			};
			name = Release;
		};
		EB5C985727FDCBC2006D98BC /* Debug */ = {
			isa = XCBuildConfiguration;
			buildSettings = {
				ASSETCATALOG_COMPILER_APPICON_NAME = AppIcon;
				ASSETCATALOG_COMPILER_GLOBAL_ACCENT_COLOR_NAME = AccentColor;
				CODE_SIGN_STYLE = Automatic;
				CURRENT_PROJECT_VERSION = 1;
				DEVELOPMENT_ASSET_PATHS = "\"Pocasie/Preview Content\"";
				DEVELOPMENT_TEAM = 2T8V526C54;
				ENABLE_PREVIEWS = YES;
				GENERATE_INFOPLIST_FILE = YES;
				INFOPLIST_KEY_UIApplicationSceneManifest_Generation = YES;
				INFOPLIST_KEY_UIApplicationSupportsIndirectInputEvents = YES;
				INFOPLIST_KEY_UILaunchScreen_Generation = YES;
				INFOPLIST_KEY_UISupportedInterfaceOrientations_iPad = "UIInterfaceOrientationPortrait UIInterfaceOrientationPortraitUpsideDown UIInterfaceOrientationLandscapeLeft UIInterfaceOrientationLandscapeRight";
				INFOPLIST_KEY_UISupportedInterfaceOrientations_iPhone = "UIInterfaceOrientationPortrait UIInterfaceOrientationLandscapeLeft UIInterfaceOrientationLandscapeRight";
				IPHONEOS_DEPLOYMENT_TARGET = 15.0;
				LD_RUNPATH_SEARCH_PATHS = (
					"$(inherited)",
					"@executable_path/Frameworks",
				);
				MARKETING_VERSION = 1.0;
				PRODUCT_BUNDLE_IDENTIFIER = som.carovny.Pocasie;
				PRODUCT_NAME = "$(TARGET_NAME)";
				SWIFT_EMIT_LOC_STRINGS = YES;
				SWIFT_VERSION = 5.0;
				TARGETED_DEVICE_FAMILY = "1,2";
			};
			name = Debug;
		};
		EB5C985827FDCBC2006D98BC /* Release */ = {
			isa = XCBuildConfiguration;
			buildSettings = {
				ASSETCATALOG_COMPILER_APPICON_NAME = AppIcon;
				ASSETCATALOG_COMPILER_GLOBAL_ACCENT_COLOR_NAME = AccentColor;
				CODE_SIGN_STYLE = Automatic;
				CURRENT_PROJECT_VERSION = 1;
				DEVELOPMENT_ASSET_PATHS = "\"Pocasie/Preview Content\"";
				DEVELOPMENT_TEAM = 2T8V526C54;
				ENABLE_PREVIEWS = YES;
				GENERATE_INFOPLIST_FILE = YES;
				INFOPLIST_KEY_UIApplicationSceneManifest_Generation = YES;
				INFOPLIST_KEY_UIApplicationSupportsIndirectInputEvents = YES;
				INFOPLIST_KEY_UILaunchScreen_Generation = YES;
				INFOPLIST_KEY_UISupportedInterfaceOrientations_iPad = "UIInterfaceOrientationPortrait UIInterfaceOrientationPortraitUpsideDown UIInterfaceOrientationLandscapeLeft UIInterfaceOrientationLandscapeRight";
				INFOPLIST_KEY_UISupportedInterfaceOrientations_iPhone = "UIInterfaceOrientationPortrait UIInterfaceOrientationLandscapeLeft UIInterfaceOrientationLandscapeRight";
				IPHONEOS_DEPLOYMENT_TARGET = 15.0;
				LD_RUNPATH_SEARCH_PATHS = (
					"$(inherited)",
					"@executable_path/Frameworks",
				);
				MARKETING_VERSION = 1.0;
				PRODUCT_BUNDLE_IDENTIFIER = som.carovny.Pocasie;
				PRODUCT_NAME = "$(TARGET_NAME)";
				SWIFT_EMIT_LOC_STRINGS = YES;
				SWIFT_VERSION = 5.0;
				TARGETED_DEVICE_FAMILY = "1,2";
			};
			name = Release;
		};
/* End XCBuildConfiguration section */

/* Begin XCConfigurationList section */
		EB5C984327FDCBBE006D98BC /* Build configuration list for PBXProject "Pocasie" */ = {
			isa = XCConfigurationList;
			buildConfigurations = (
				EB5C985427FDCBC2006D98BC /* Debug */,
				EB5C985527FDCBC2006D98BC /* Release */,
			);
			defaultConfigurationIsVisible = 0;
			defaultConfigurationName = Release;
		};
		EB5C985627FDCBC2006D98BC /* Build configuration list for PBXNativeTarget "Pocasie" */ = {
			isa = XCConfigurationList;
			buildConfigurations = (
				EB5C985727FDCBC2006D98BC /* Debug */,
				EB5C985827FDCBC2006D98BC /* Release */,
			);
			defaultConfigurationIsVisible = 0;
			defaultConfigurationName = Release;
		};
/* End XCConfigurationList section */
	};
	rootObject = EB5C984027FDCBBE006D98BC /* Project object */;
}
